// !$*UTF8*$!
{
	archiveVersion = 1;
	classes = {
	};
	objectVersion = 77;
	objects = {

/* Begin PBXBuildFile section */
		D93E54C02E466394000CF15F /* Auth in Frameworks */ = {isa = PBXBuildFile; productRef = D93E54BF2E466394000CF15F /* Auth */; };
		D93E54C22E466394000CF15F /* Functions in Frameworks */ = {isa = PBXBuildFile; productRef = D93E54C12E466394000CF15F /* Functions */; };
		D93E54C42E466394000CF15F /* PostgREST in Frameworks */ = {isa = PBXBuildFile; productRef = D93E54C32E466394000CF15F /* PostgREST */; };
		D93E54C62E466394000CF15F /* Realtime in Frameworks */ = {isa = PBXBuildFile; productRef = D93E54C52E466394000CF15F /* Realtime */; };
		D93E54C82E466394000CF15F /* Storage in Frameworks */ = {isa = PBXBuildFile; productRef = D93E54C72E466394000CF15F /* Storage */; };
		D93E54CA2E466394000CF15F /* Supabase in Frameworks */ = {isa = PBXBuildFile; productRef = D93E54C92E466394000CF15F /* Supabase */; };
/* End PBXBuildFile section */

/* Begin PBXFileReference section */
		D93E54AF2E4662D0000CF15F /* Durability.app */ = {isa = PBXFileReference; explicitFileType = wrapper.application; includeInIndex = 0; path = Durability.app; sourceTree = BUILT_PRODUCTS_DIR; };
/* End PBXFileReference section */

/* Begin PBXFileSystemSynchronizedRootGroup section */
		D93E54B12E4662D0000CF15F /* Durability */ = {
			isa = PBXFileSystemSynchronizedRootGroup;
			path = Durability;
			sourceTree = "<group>";
		};
/* End PBXFileSystemSynchronizedRootGroup section */

/* Begin PBXFrameworksBuildPhase section */
		D93E54AC2E4662D0000CF15F /* Frameworks */ = {
			isa = PBXFrameworksBuildPhase;
			buildActionMask = 2147483647;
			files = (
				D93E54C42E466394000CF15F /* PostgREST in Frameworks */,
				D93E54C22E466394000CF15F /* Functions in Frameworks */,
				D93E54CA2E466394000CF15F /* Supabase in Frameworks */,
				D93E54C02E466394000CF15F /* Auth in Frameworks */,
				D93E54C82E466394000CF15F /* Storage in Frameworks */,
				D93E54C62E466394000CF15F /* Realtime in Frameworks */,
			);
			runOnlyForDeploymentPostprocessing = 0;
		};
/* End PBXFrameworksBuildPhase section */

/* Begin PBXGroup section */
		D93E54A62E4662D0000CF15F = {
			isa = PBXGroup;
			children = (
				D93E54B12E4662D0000CF15F /* Durability */,
				D93E54B02E4662D0000CF15F /* Products */,
			);
			sourceTree = "<group>";
		};
		D93E54B02E4662D0000CF15F /* Products */ = {
			isa = PBXGroup;
			children = (
				D93E54AF2E4662D0000CF15F /* Durability.app */,
			);
			name = Products;
			sourceTree = "<group>";
		};
/* End PBXGroup section */

/* Begin PBXNativeTarget section */
		D93E54AE2E4662D0000CF15F /* Durability */ = {
			isa = PBXNativeTarget;
			buildConfigurationList = D93E54BA2E4662D1000CF15F /* Build configuration list for PBXNativeTarget "Durability" */;
			buildPhases = (
				D93E54AB2E4662D0000CF15F /* Sources */,
				D93E54AC2E4662D0000CF15F /* Frameworks */,
				D93E54AD2E4662D0000CF15F /* Resources */,
			);
			buildRules = (
			);
			dependencies = (
			);
			fileSystemSynchronizedGroups = (
				D93E54B12E4662D0000CF15F /* Durability */,
			);
			name = Durability;
			packageProductDependencies = (
				D93E54BF2E466394000CF15F /* Auth */,
				D93E54C12E466394000CF15F /* Functions */,
				D93E54C32E466394000CF15F /* PostgREST */,
				D93E54C52E466394000CF15F /* Realtime */,
				D93E54C72E466394000CF15F /* Storage */,
				D93E54C92E466394000CF15F /* Supabase */,
			);
			productName = Durability;
			productReference = D93E54AF2E4662D0000CF15F /* Durability.app */;
			productType = "com.apple.product-type.application";
		};
/* End PBXNativeTarget section */

/* Begin PBXProject section */
		D93E54A72E4662D0000CF15F /* Project object */ = {
			isa = PBXProject;
			attributes = {
				BuildIndependentTargetsInParallel = 1;
				LastSwiftUpdateCheck = 1640;
				LastUpgradeCheck = 1640;
				TargetAttributes = {
					D93E54AE2E4662D0000CF15F = {
						CreatedOnToolsVersion = 16.4;
					};
				};
			};
			buildConfigurationList = D93E54AA2E4662D0000CF15F /* Build configuration list for PBXProject "Durability" */;
			developmentRegion = en;
			hasScannedForEncodings = 0;
			knownRegions = (
				en,
				Base,
			);
			mainGroup = D93E54A62E4662D0000CF15F;
			minimizedProjectReferenceProxies = 1;
			packageReferences = (
				D93E54BE2E466394000CF15F /* XCRemoteSwiftPackageReference "supabase-swift" */,
			);
			preferredProjectObjectVersion = 77;
			productRefGroup = D93E54B02E4662D0000CF15F /* Products */;
			projectDirPath = "";
			projectRoot = "";
			targets = (
				D93E54AE2E4662D0000CF15F /* Durability */,
			);
		};
/* End PBXProject section */

/* Begin PBXResourcesBuildPhase section */
		D93E54AD2E4662D0000CF15F /* Resources */ = {
			isa = PBXResourcesBuildPhase;
			buildActionMask = 2147483647;
			files = (
			);
			runOnlyForDeploymentPostprocessing = 0;
		};
/* End PBXResourcesBuildPhase section */

/* Begin PBXSourcesBuildPhase section */
		D93E54AB2E4662D0000CF15F /* Sources */ = {
			isa = PBXSourcesBuildPhase;
			buildActionMask = 2147483647;
			files = (
			);
			runOnlyForDeploymentPostprocessing = 0;
		};
/* End PBXSourcesBuildPhase section */

/* Begin XCBuildConfiguration section */
		D93E54B82E4662D1000CF15F /* Debug */ = {
			isa = XCBuildConfiguration;
			buildSettings = {
				ALWAYS_SEARCH_USER_PATHS = NO;
				ASSETCATALOG_COMPILER_GENERATE_SWIFT_ASSET_SYMBOL_EXTENSIONS = YES;
				CLANG_ANALYZER_NONNULL = YES;
				CLANG_ANALYZER_NUMBER_OBJECT_CONVERSION = YES_AGGRESSIVE;
				CLANG_CXX_LANGUAGE_STANDARD = "gnu++20";
				CLANG_ENABLE_MODULES = YES;
				CLANG_ENABLE_OBJC_ARC = YES;
				CLANG_ENABLE_OBJC_WEAK = YES;
				CLANG_WARN_BLOCK_CAPTURE_AUTORELEASING = YES;
				CLANG_WARN_BOOL_CONVERSION = YES;
				CLANG_WARN_COMMA = YES;
				CLANG_WARN_CONSTANT_CONVERSION = YES;
				CLANG_WARN_DEPRECATED_OBJC_IMPLEMENTATIONS = YES;
				CLANG_WARN_DIRECT_OBJC_ISA_USAGE = YES_ERROR;
				CLANG_WARN_DOCUMENTATION_COMMENTS = YES;
				CLANG_WARN_EMPTY_BODY = YES;
				CLANG_WARN_ENUM_CONVERSION = YES;
				CLANG_WARN_INFINITE_RECURSION = YES;
				CLANG_WARN_INT_CONVERSION = YES;
				CLANG_WARN_NON_LITERAL_NULL_CONVERSION = YES;
				CLANG_WARN_OBJC_IMPLICIT_RETAIN_SELF = YES;
				CLANG_WARN_OBJC_LITERAL_CONVERSION = YES;
				CLANG_WARN_OBJC_ROOT_CLASS = YES_ERROR;
				CLANG_WARN_QUOTED_INCLUDE_IN_FRAMEWORK_HEADER = YES;
				CLANG_WARN_RANGE_LOOP_ANALYSIS = YES;
				CLANG_WARN_STRICT_PROTOTYPES = YES;
				CLANG_WARN_SUSPICIOUS_MOVE = YES;
				CLANG_WARN_UNGUARDED_AVAILABILITY = YES_AGGRESSIVE;
				CLANG_WARN_UNREACHABLE_CODE = YES;
				CLANG_WARN__DUPLICATE_METHOD_MATCH = YES;
				COPY_PHASE_STRIP = NO;
				DEBUG_INFORMATION_FORMAT = dwarf;
				DEVELOPMENT_TEAM = 67AH4PN566;
				ENABLE_STRICT_OBJC_MSGSEND = YES;
				ENABLE_TESTABILITY = YES;
				ENABLE_USER_SCRIPT_SANDBOXING = YES;
				GCC_C_LANGUAGE_STANDARD = gnu17;
				GCC_DYNAMIC_NO_PIC = NO;
				GCC_NO_COMMON_BLOCKS = YES;
				GCC_OPTIMIZATION_LEVEL = 0;
				GCC_PREPROCESSOR_DEFINITIONS = (
					"DEBUG=1",
					"$(inherited)",
				);
				GCC_WARN_64_TO_32_BIT_CONVERSION = YES;
				GCC_WARN_ABOUT_RETURN_TYPE = YES_ERROR;
				GCC_WARN_UNDECLARED_SELECTOR = YES;
				GCC_WARN_UNINITIALIZED_AUTOS = YES_AGGRESSIVE;
				GCC_WARN_UNUSED_FUNCTION = YES;
				GCC_WARN_UNUSED_VARIABLE = YES;
				IPHONEOS_DEPLOYMENT_TARGET = 18.5;
				LOCALIZATION_PREFERS_STRING_CATALOGS = YES;
				MTL_ENABLE_DEBUG_INFO = INCLUDE_SOURCE;
				MTL_FAST_MATH = YES;
				ONLY_ACTIVE_ARCH = YES;
				SDKROOT = iphoneos;
				SWIFT_ACTIVE_COMPILATION_CONDITIONS = "DEBUG $(inherited)";
				SWIFT_OPTIMIZATION_LEVEL = "-Onone";
			};
			name = Debug;
		};
		D93E54B92E4662D1000CF15F /* Release */ = {
			isa = XCBuildConfiguration;
			buildSettings = {
				ALWAYS_SEARCH_USER_PATHS = NO;
				ASSETCATALOG_COMPILER_GENERATE_SWIFT_ASSET_SYMBOL_EXTENSIONS = YES;
				CLANG_ANALYZER_NONNULL = YES;
				CLANG_ANALYZER_NUMBER_OBJECT_CONVERSION = YES_AGGRESSIVE;
				CLANG_CXX_LANGUAGE_STANDARD = "gnu++20";
				CLANG_ENABLE_MODULES = YES;
				CLANG_ENABLE_OBJC_ARC = YES;
				CLANG_ENABLE_OBJC_WEAK = YES;
				CLANG_WARN_BLOCK_CAPTURE_AUTORELEASING = YES;
				CLANG_WARN_BOOL_CONVERSION = YES;
				CLANG_WARN_COMMA = YES;
				CLANG_WARN_CONSTANT_CONVERSION = YES;
				CLANG_WARN_DEPRECATED_OBJC_IMPLEMENTATIONS = YES;
				CLANG_WARN_DIRECT_OBJC_ISA_USAGE = YES_ERROR;
				CLANG_WARN_DOCUMENTATION_COMMENTS = YES;
				CLANG_WARN_EMPTY_BODY = YES;
				CLANG_WARN_ENUM_CONVERSION = YES;
				CLANG_WARN_INFINITE_RECURSION = YES;
				CLANG_WARN_INT_CONVERSION = YES;
				CLANG_WARN_NON_LITERAL_NULL_CONVERSION = YES;
				CLANG_WARN_OBJC_IMPLICIT_RETAIN_SELF = YES;
				CLANG_WARN_OBJC_LITERAL_CONVERSION = YES;
				CLANG_WARN_OBJC_ROOT_CLASS = YES_ERROR;
				CLANG_WARN_QUOTED_INCLUDE_IN_FRAMEWORK_HEADER = YES;
				CLANG_WARN_RANGE_LOOP_ANALYSIS = YES;
				CLANG_WARN_STRICT_PROTOTYPES = YES;
				CLANG_WARN_SUSPICIOUS_MOVE = YES;
				CLANG_WARN_UNGUARDED_AVAILABILITY = YES_AGGRESSIVE;
				CLANG_WARN_UNREACHABLE_CODE = YES;
				CLANG_WARN__DUPLICATE_METHOD_MATCH = YES;
				COPY_PHASE_STRIP = NO;
				DEBUG_INFORMATION_FORMAT = "dwarf-with-dsym";
				DEVELOPMENT_TEAM = 67AH4PN566;
				ENABLE_NS_ASSERTIONS = NO;
				ENABLE_STRICT_OBJC_MSGSEND = YES;
				ENABLE_USER_SCRIPT_SANDBOXING = YES;
				GCC_C_LANGUAGE_STANDARD = gnu17;
				GCC_NO_COMMON_BLOCKS = YES;
				GCC_WARN_64_TO_32_BIT_CONVERSION = YES;
				GCC_WARN_ABOUT_RETURN_TYPE = YES_ERROR;
				GCC_WARN_UNDECLARED_SELECTOR = YES;
				GCC_WARN_UNINITIALIZED_AUTOS = YES_AGGRESSIVE;
				GCC_WARN_UNUSED_FUNCTION = YES;
				GCC_WARN_UNUSED_VARIABLE = YES;
				IPHONEOS_DEPLOYMENT_TARGET = 18.5;
				LOCALIZATION_PREFERS_STRING_CATALOGS = YES;
				MTL_ENABLE_DEBUG_INFO = NO;
				MTL_FAST_MATH = YES;
				SDKROOT = iphoneos;
				SWIFT_COMPILATION_MODE = wholemodule;
				VALIDATE_PRODUCT = YES;
			};
			name = Release;
		};
		D93E54BB2E4662D1000CF15F /* Debug */ = {
			isa = XCBuildConfiguration;
			buildSettings = {
				ASSETCATALOG_COMPILER_APPICON_NAME = AppIcon;
				ASSETCATALOG_COMPILER_GLOBAL_ACCENT_COLOR_NAME = AccentColor;
				CODE_SIGN_ENTITLEMENTS = Durability/Durability.entitlements;
				CODE_SIGN_STYLE = Automatic;
				CURRENT_PROJECT_VERSION = 1;
				DEVELOPMENT_TEAM = 67AH4PN566;
				ENABLE_PREVIEWS = YES;
				GENERATE_INFOPLIST_FILE = YES;
				INFOPLIST_KEY_NSHealthShareUsageDescription = "Durability reads your steps, heart rate, height, and weight to personalize recommendations and track progress.";
				INFOPLIST_KEY_NSHealthUpdateUsageDescription = "Durability writes activity data like steps and active energy to the Health app when you log workouts.";
				INFOPLIST_KEY_NSPhotoLibraryUsageDescription = "Durability needs access to your photo library to select assessment videos.";
				INFOPLIST_KEY_NSPhotoLibraryAddUsageDescription = "Durability saves recorded assessment videos to your library.";
				INFOPLIST_KEY_NSCameraUsageDescription = "Durability uses the camera to record your movement assessment video.";
				INFOPLIST_KEY_NSMicrophoneUsageDescription = "Durability uses the microphone to capture audio during your assessment video.";
				INFOPLIST_KEY_UIApplicationSceneManifest_Generation = YES;
				INFOPLIST_KEY_UIApplicationSupportsIndirectInputEvents = YES;
				INFOPLIST_KEY_UILaunchScreen_Generation = YES;
				INFOPLIST_KEY_UISupportedInterfaceOrientations_iPad = "UIInterfaceOrientationPortrait UIInterfaceOrientationPortraitUpsideDown UIInterfaceOrientationLandscapeLeft UIInterfaceOrientationLandscapeRight";
				INFOPLIST_KEY_UISupportedInterfaceOrientations_iPhone = "UIInterfaceOrientationPortrait UIInterfaceOrientationLandscapeLeft UIInterfaceOrientationLandscapeRight";
				LD_RUNPATH_SEARCH_PATHS = (
					"$(inherited)",
					"@executable_path/Frameworks",
				);
				MARKETING_VERSION = 1.0;
				PRODUCT_BUNDLE_IDENTIFIER = ai.mydurability.Durability;
				PRODUCT_NAME = "$(TARGET_NAME)";
				SWIFT_EMIT_LOC_STRINGS = YES;
				SWIFT_VERSION = 5.0;
				TARGETED_DEVICE_FAMILY = "1,2";
			};
			name = Debug;
		};
		D93E54BC2E4662D1000CF15F /* Release */ = {
			isa = XCBuildConfiguration;
			buildSettings = {
				ASSETCATALOG_COMPILER_APPICON_NAME = AppIcon;
				ASSETCATALOG_COMPILER_GLOBAL_ACCENT_COLOR_NAME = AccentColor;
				CODE_SIGN_ENTITLEMENTS = Durability/Durability.entitlements;
				CODE_SIGN_STYLE = Automatic;
				CURRENT_PROJECT_VERSION = 1;
				DEVELOPMENT_TEAM = 67AH4PN566;
				ENABLE_PREVIEWS = YES;
				GENERATE_INFOPLIST_FILE = YES;
				INFOPLIST_KEY_NSHealthShareUsageDescription = "Durability reads your steps, heart rate, height, and weight to personalize recommendations and track progress.";
				INFOPLIST_KEY_NSHealthUpdateUsageDescription = "Durability writes activity data like steps and active energy to the Health app when you log workouts.";
				INFOPLIST_KEY_NSPhotoLibraryUsageDescription = "Durability needs access to your photo library to select assessment videos.";
				INFOPLIST_KEY_NSPhotoLibraryAddUsageDescription = "Durability saves recorded assessment videos to your library.";
				INFOPLIST_KEY_NSCameraUsageDescription = "Durability uses the camera to record your movement assessment video.";
				INFOPLIST_KEY_NSMicrophoneUsageDescription = "Durability uses the microphone to capture audio during your assessment video.";
				INFOPLIST_KEY_UIApplicationSceneManifest_Generation = YES;
				INFOPLIST_KEY_UIApplicationSupportsIndirectInputEvents = YES;
				INFOPLIST_KEY_UILaunchScreen_Generation = YES;
				INFOPLIST_KEY_UISupportedInterfaceOrientations_iPad = "UIInterfaceOrientationPortrait UIInterfaceOrientationPortraitUpsideDown UIInterfaceOrientationLandscapeLeft UIInterfaceOrientationLandscapeRight";
				INFOPLIST_KEY_UISupportedInterfaceOrientations_iPhone = "UIInterfaceOrientationPortrait UIInterfaceOrientationLandscapeLeft UIInterfaceOrientationLandscapeRight";
				LD_RUNPATH_SEARCH_PATHS = (
					"$(inherited)",
					"@executable_path/Frameworks",
				);
				MARKETING_VERSION = 1.0;
				PRODUCT_BUNDLE_IDENTIFIER = ai.mydurability.Durability;
				PRODUCT_NAME = "$(TARGET_NAME)";
				SWIFT_EMIT_LOC_STRINGS = YES;
				SWIFT_VERSION = 5.0;
				TARGETED_DEVICE_FAMILY = "1,2";
			};
			name = Release;
		};
/* End XCBuildConfiguration section */

/* Begin XCConfigurationList section */
		D93E54AA2E4662D0000CF15F /* Build configuration list for PBXProject "Durability" */ = {
			isa = XCConfigurationList;
			buildConfigurations = (
				D93E54B82E4662D1000CF15F /* Debug */,
				D93E54B92E4662D1000CF15F /* Release */,
			);
			defaultConfigurationIsVisible = 0;
			defaultConfigurationName = Release;
		};
		D93E54BA2E4662D1000CF15F /* Build configuration list for PBXNativeTarget "Durability" */ = {
			isa = XCConfigurationList;
			buildConfigurations = (
				D93E54BB2E4662D1000CF15F /* Debug */,
				D93E54BC2E4662D1000CF15F /* Release */,
			);
			defaultConfigurationIsVisible = 0;
			defaultConfigurationName = Release;
		};
/* End XCConfigurationList section */

/* Begin XCRemoteSwiftPackageReference section */
		D93E54BE2E466394000CF15F /* XCRemoteSwiftPackageReference "supabase-swift" */ = {
			isa = XCRemoteSwiftPackageReference;
			repositoryURL = "https://github.com/supabase-community/supabase-swift";
			requirement = {
				kind = upToNextMajorVersion;
				minimumVersion = 2.5.1;
			};
		};
/* End XCRemoteSwiftPackageReference section */

/* Begin XCSwiftPackageProductDependency section */
		D93E54BF2E466394000CF15F /* Auth */ = {
			isa = XCSwiftPackageProductDependency;
			package = D93E54BE2E466394000CF15F /* XCRemoteSwiftPackageReference "supabase-swift" */;
			productName = Auth;
		};
		D93E54C12E466394000CF15F /* Functions */ = {
			isa = XCSwiftPackageProductDependency;
			package = D93E54BE2E466394000CF15F /* XCRemoteSwiftPackageReference "supabase-swift" */;
			productName = Functions;
		};
		D93E54C32E466394000CF15F /* PostgREST */ = {
			isa = XCSwiftPackageProductDependency;
			package = D93E54BE2E466394000CF15F /* XCRemoteSwiftPackageReference "supabase-swift" */;
			productName = PostgREST;
		};
		D93E54C52E466394000CF15F /* Realtime */ = {
			isa = XCSwiftPackageProductDependency;
			package = D93E54BE2E466394000CF15F /* XCRemoteSwiftPackageReference "supabase-swift" */;
			productName = Realtime;
		};
		D93E54C72E466394000CF15F /* Storage */ = {
			isa = XCSwiftPackageProductDependency;
			package = D93E54BE2E466394000CF15F /* XCRemoteSwiftPackageReference "supabase-swift" */;
			productName = Storage;
		};
		D93E54C92E466394000CF15F /* Supabase */ = {
			isa = XCSwiftPackageProductDependency;
			package = D93E54BE2E466394000CF15F /* XCRemoteSwiftPackageReference "supabase-swift" */;
			productName = Supabase;
		};
/* End XCSwiftPackageProductDependency section */
	};
	rootObject = D93E54A72E4662D0000CF15F /* Project object */;
}
